
Microsoft Visual Studio Solution File, Format Version 12.00
# Visual Studio Version 16
VisualStudioVersion = 16.0.31205.134
MinimumVisualStudioVersion = 10.0.40219.1
Project("{9A19103F-16F7-4668-BE54-9A1E7A4F7556}") = "Kamp_Intro", "Kamp_Intro\Kamp_Intro.csproj", "{1E134339-0C79-4A45-8E9C-08A64E715807}"
EndProject
Project("{9A19103F-16F7-4668-BE54-9A1E7A4F7556}") = "Donguler", "Donguler\Donguler.csproj", "{069ACC2F-36F0-426A-BA15-8F64E3BB14B9}"
EndProject
Project("{9A19103F-16F7-4668-BE54-9A1E7A4F7556}") = "classIntro", "classIntro\classIntro.csproj", "{0FBEDDFB-3C32-430B-AEF1-A08642A02CCD}"
EndProject
Project("{9A19103F-16F7-4668-BE54-9A1E7A4F7556}") = "Metotlar", "Metotlar\Metotlar.csproj", "{CDCDD01F-327C-495E-B8D6-686035BBE78A}"
EndProject
Project("{9A19103F-16F7-4668-BE54-9A1E7A4F7556}") = "Matematik", "Matematik\Matematik.csproj", "{9E2B899F-733B-42C7-90F5-7AF8540A9739}"
EndProject
Project("{9A19103F-16F7-4668-BE54-9A1E7A4F7556}") = "DegerVeReferansTipler", "DegerVeReferansTipler\DegerVeReferansTipler.csproj", "{11AA0218-FE9C-447F-B7C3-18F9486AC3B1}"
EndProject
Project("{9A19103F-16F7-4668-BE54-9A1E7A4F7556}") = "OOP1", "OOP1\OOP1.csproj", "{6C987482-067C-4A04-90AA-6396D99D0720}"
EndProject
Project("{9A19103F-16F7-4668-BE54-9A1E7A4F7556}") = "Collections", "Collections\Collections.csproj", "{2428F12C-9605-4332-8256-5BC5201DC1CA}"
EndProject
Project("{9A19103F-16F7-4668-BE54-9A1E7A4F7556}") = "GenericsIntro", "GenericsIntro\GenericsIntro.csproj", "{4887883E-91F5-4716-9DC5-1F1EE6CADF41}"
EndProject
Project("{9A19103F-16F7-4668-BE54-9A1E7A4F7556}") = "OOP2", "OOP2\OOP2.csproj", "{2F9F967C-31BA-42C4-AF4C-0243F6E328D6}"
EndProject
Project("{9A19103F-16F7-4668-BE54-9A1E7A4F7556}") = "OOP3", "OOP3\OOP3.csproj", "{3FDB9B6A-605B-48E2-81A0-4814D64E7EE1}"
EndProject
Project("{FAE04EC0-301F-11D3-BF4B-00C04F79EFBC}") = "GameProject", "GameProject\GameProject.csproj", "{5DE8287A-0DED-411E-85A8-3995121D87BF}"
EndProject
Global
	GlobalSection(SolutionConfigurationPlatforms) = preSolution
		Debug|Any CPU = Debug|Any CPU
		Release|Any CPU = Release|Any CPU
	EndGlobalSection
	GlobalSection(ProjectConfigurationPlatforms) = postSolution
		{1E134339-0C79-4A45-8E9C-08A64E715807}.Debug|Any CPU.ActiveCfg = Debug|Any CPU
		{1E134339-0C79-4A45-8E9C-08A64E715807}.Debug|Any CPU.Build.0 = Debug|Any CPU
		{1E134339-0C79-4A45-8E9C-08A64E715807}.Release|Any CPU.ActiveCfg = Release|Any CPU
		{1E134339-0C79-4A45-8E9C-08A64E715807}.Release|Any CPU.Build.0 = Release|Any CPU
		{069ACC2F-36F0-426A-BA15-8F64E3BB14B9}.Debug|Any CPU.ActiveCfg = Debug|Any CPU
		{069ACC2F-36F0-426A-BA15-8F64E3BB14B9}.Debug|Any CPU.Build.0 = Debug|Any CPU
		{069ACC2F-36F0-426A-BA15-8F64E3BB14B9}.Release|Any CPU.ActiveCfg = Release|Any CPU
		{069ACC2F-36F0-426A-BA15-8F64E3BB14B9}.Release|Any CPU.Build.0 = Release|Any CPU
		{0FBEDDFB-3C32-430B-AEF1-A08642A02CCD}.Debug|Any CPU.ActiveCfg = Debug|Any CPU
		{0FBEDDFB-3C32-430B-AEF1-A08642A02CCD}.Debug|Any CPU.Build.0 = Debug|Any CPU
		{0FBEDDFB-3C32-430B-AEF1-A08642A02CCD}.Release|Any CPU.ActiveCfg = Release|Any CPU
		{0FBEDDFB-3C32-430B-AEF1-A08642A02CCD}.Release|Any CPU.Build.0 = Release|Any CPU
		{CDCDD01F-327C-495E-B8D6-686035BBE78A}.Debug|Any CPU.ActiveCfg = Debug|Any CPU
		{CDCDD01F-327C-495E-B8D6-686035BBE78A}.Debug|Any CPU.Build.0 = Debug|Any CPU
		{CDCDD01F-327C-495E-B8D6-686035BBE78A}.Release|Any CPU.ActiveCfg = Release|Any CPU
		{CDCDD01F-327C-495E-B8D6-686035BBE78A}.Release|Any CPU.Build.0 = Release|Any CPU
		{9E2B899F-733B-42C7-90F5-7AF8540A9739}.Debug|Any CPU.ActiveCfg = Debug|Any CPU
		{9E2B899F-733B-42C7-90F5-7AF8540A9739}.Debug|Any CPU.Build.0 = Debug|Any CPU
		{9E2B899F-733B-42C7-90F5-7AF8540A9739}.Release|Any CPU.ActiveCfg = Release|Any CPU
		{9E2B899F-733B-42C7-90F5-7AF8540A9739}.Release|Any CPU.Build.0 = Release|Any CPU
		{11AA0218-FE9C-447F-B7C3-18F9486AC3B1}.Debug|Any CPU.ActiveCfg = Debug|Any CPU
		{11AA0218-FE9C-447F-B7C3-18F9486AC3B1}.Debug|Any CPU.Build.0 = Debug|Any CPU
		{11AA0218-FE9C-447F-B7C3-18F9486AC3B1}.Release|Any CPU.ActiveCfg = Release|Any CPU
		{11AA0218-FE9C-447F-B7C3-18F9486AC3B1}.Release|Any CPU.Build.0 = Release|Any CPU
		{6C987482-067C-4A04-90AA-6396D99D0720}.Debug|Any CPU.ActiveCfg = Debug|Any CPU
		{6C987482-067C-4A04-90AA-6396D99D0720}.Debug|Any CPU.Build.0 = Debug|Any CPU
		{6C987482-067C-4A04-90AA-6396D99D0720}.Release|Any CPU.ActiveCfg = Release|Any CPU
		{6C987482-067C-4A04-90AA-6396D99D0720}.Release|Any CPU.Build.0 = Release|Any CPU
		{2428F12C-9605-4332-8256-5BC5201DC1CA}.Debug|Any CPU.ActiveCfg = Debug|Any CPU
		{2428F12C-9605-4332-8256-5BC5201DC1CA}.Debug|Any CPU.Build.0 = Debug|Any CPU
		{2428F12C-9605-4332-8256-5BC5201DC1CA}.Release|Any CPU.ActiveCfg = Release|Any CPU
		{2428F12C-9605-4332-8256-5BC5201DC1CA}.Release|Any CPU.Build.0 = Release|Any CPU
		{4887883E-91F5-4716-9DC5-1F1EE6CADF41}.Debug|Any CPU.ActiveCfg = Debug|Any CPU
		{4887883E-91F5-4716-9DC5-1F1EE6CADF41}.Debug|Any CPU.Build.0 = Debug|Any CPU
		{4887883E-91F5-4716-9DC5-1F1EE6CADF41}.Release|Any CPU.ActiveCfg = Release|Any CPU
		{4887883E-91F5-4716-9DC5-1F1EE6CADF41}.Release|Any CPU.Build.0 = Release|Any CPU
		{2F9F967C-31BA-42C4-AF4C-0243F6E328D6}.Debug|Any CPU.ActiveCfg = Debug|Any CPU
		{2F9F967C-31BA-42C4-AF4C-0243F6E328D6}.Debug|Any CPU.Build.0 = Debug|Any CPU
		{2F9F967C-31BA-42C4-AF4C-0243F6E328D6}.Release|Any CPU.ActiveCfg = Release|Any CPU
		{2F9F967C-31BA-42C4-AF4C-0243F6E328D6}.Release|Any CPU.Build.0 = Release|Any CPU
		{3FDB9B6A-605B-48E2-81A0-4814D64E7EE1}.Debug|Any CPU.ActiveCfg = Debug|Any CPU
		{3FDB9B6A-605B-48E2-81A0-4814D64E7EE1}.Debug|Any CPU.Build.0 = Debug|Any CPU
		{3FDB9B6A-605B-48E2-81A0-4814D64E7EE1}.Release|Any CPU.ActiveCfg = Release|Any CPU
		{3FDB9B6A-605B-48E2-81A0-4814D64E7EE1}.Release|Any CPU.Build.0 = Release|Any CPU
		{5DE8287A-0DED-411E-85A8-3995121D87BF}.Debug|Any CPU.ActiveCfg = Debug|Any CPU
		{5DE8287A-0DED-411E-85A8-3995121D87BF}.Debug|Any CPU.Build.0 = Debug|Any CPU
		{5DE8287A-0DED-411E-85A8-3995121D87BF}.Release|Any CPU.ActiveCfg = Release|Any CPU
		{5DE8287A-0DED-411E-85A8-3995121D87BF}.Release|Any CPU.Build.0 = Release|Any CPU
	EndGlobalSection
	GlobalSection(SolutionProperties) = preSolution
		HideSolutionNode = FALSE
	EndGlobalSection
	GlobalSection(ExtensibilityGlobals) = postSolution
		SolutionGuid = {A0B8423E-CC75-4EA6-A8ED-2F6B6400E2EE}
	EndGlobalSection
EndGlobal
